
Microsoft Visual Studio Solution File, Format Version 12.00
# Visual Studio 15
VisualStudioVersion = 15.0.26124.0
MinimumVisualStudioVersion = 15.0.26124.0
Project("{FAE04EC0-301F-11D3-BF4B-00C04F79EFBC}") = "MusicLibrary", "MusicLibrary\MusicLibrary.csproj", "{B646333D-3D90-403E-9FFC-33CE6B548975}"
EndProject
Project("{FAE04EC0-301F-11D3-BF4B-00C04F79EFBC}") = "MusicLibrary.Test", "MusicLibrary.Test\MusicLibrary.Test.csproj", "{0B83761A-9836-4CAB-B2EC-3D35B834F5B3}"
EndProject
Global
	GlobalSection(SolutionConfigurationPlatforms) = preSolution
		Debug|Any CPU = Debug|Any CPU
		Debug|x64 = Debug|x64
		Debug|x86 = Debug|x86
		Release|Any CPU = Release|Any CPU
		Release|x64 = Release|x64
		Release|x86 = Release|x86
	EndGlobalSection
	GlobalSection(SolutionProperties) = preSolution
		HideSolutionNode = FALSE
	EndGlobalSection
	GlobalSection(ProjectConfigurationPlatforms) = postSolution
		{B646333D-3D90-403E-9FFC-33CE6B548975}.Debug|Any CPU.ActiveCfg = Debug|Any CPU
		{B646333D-3D90-403E-9FFC-33CE6B548975}.Debug|Any CPU.Build.0 = Debug|Any CPU
		{B646333D-3D90-403E-9FFC-33CE6B548975}.Debug|x64.ActiveCfg = Debug|x64
		{B646333D-3D90-403E-9FFC-33CE6B548975}.Debug|x64.Build.0 = Debug|x64
		{B646333D-3D90-403E-9FFC-33CE6B548975}.Debug|x86.ActiveCfg = Debug|x86
		{B646333D-3D90-403E-9FFC-33CE6B548975}.Debug|x86.Build.0 = Debug|x86
		{B646333D-3D90-403E-9FFC-33CE6B548975}.Release|Any CPU.ActiveCfg = Release|Any CPU
		{B646333D-3D90-403E-9FFC-33CE6B548975}.Release|Any CPU.Build.0 = Release|Any CPU
		{B646333D-3D90-403E-9FFC-33CE6B548975}.Release|x64.ActiveCfg = Release|x64
		{B646333D-3D90-403E-9FFC-33CE6B548975}.Release|x64.Build.0 = Release|x64
		{B646333D-3D90-403E-9FFC-33CE6B548975}.Release|x86.ActiveCfg = Release|x86
		{B646333D-3D90-403E-9FFC-33CE6B548975}.Release|x86.Build.0 = Release|x86
		{0B83761A-9836-4CAB-B2EC-3D35B834F5B3}.Debug|Any CPU.ActiveCfg = Debug|Any CPU
		{0B83761A-9836-4CAB-B2EC-3D35B834F5B3}.Debug|Any CPU.Build.0 = Debug|Any CPU
		{0B83761A-9836-4CAB-B2EC-3D35B834F5B3}.Debug|x64.ActiveCfg = Debug|x64
		{0B83761A-9836-4CAB-B2EC-3D35B834F5B3}.Debug|x64.Build.0 = Debug|x64
		{0B83761A-9836-4CAB-B2EC-3D35B834F5B3}.Debug|x86.ActiveCfg = Debug|x86
		{0B83761A-9836-4CAB-B2EC-3D35B834F5B3}.Debug|x86.Build.0 = Debug|x86
		{0B83761A-9836-4CAB-B2EC-3D35B834F5B3}.Release|Any CPU.ActiveCfg = Release|Any CPU
		{0B83761A-9836-4CAB-B2EC-3D35B834F5B3}.Release|Any CPU.Build.0 = Release|Any CPU
		{0B83761A-9836-4CAB-B2EC-3D35B834F5B3}.Release|x64.ActiveCfg = Release|x64
		{0B83761A-9836-4CAB-B2EC-3D35B834F5B3}.Release|x64.Build.0 = Release|x64
		{0B83761A-9836-4CAB-B2EC-3D35B834F5B3}.Release|x86.ActiveCfg = Release|x86
		{0B83761A-9836-4CAB-B2EC-3D35B834F5B3}.Release|x86.Build.0 = Release|x86
	EndGlobalSection
EndGlobal
